// !$*UTF8*$!
{
	archiveVersion = 1;
	classes = {
	};
	objectVersion = 56;
	objects = {

/* Begin PBXBuildFile section */
		9A7C260329C5759400531F16 /* AppDelegate.swift in Sources */ = {isa = PBXBuildFile; fileRef = 9A7C260229C5759400531F16 /* AppDelegate.swift */; };
		9A7C260529C5759400531F16 /* SceneDelegate.swift in Sources */ = {isa = PBXBuildFile; fileRef = 9A7C260429C5759400531F16 /* SceneDelegate.swift */; };
		9A7C260729C5759500531F16 /* ViewController.swift in Sources */ = {isa = PBXBuildFile; fileRef = 9A7C260629C5759500531F16 /* ViewController.swift */; };
		9A7C260A29C5759500531F16 /* Main.storyboard in Resources */ = {isa = PBXBuildFile; fileRef = 9A7C260829C5759500531F16 /* Main.storyboard */; };
		9A7C260C29C5759500531F16 /* Assets.xcassets in Resources */ = {isa = PBXBuildFile; fileRef = 9A7C260B29C5759500531F16 /* Assets.xcassets */; };
		9A7C260F29C5759500531F16 /* LaunchScreen.storyboard in Resources */ = {isa = PBXBuildFile; fileRef = 9A7C260D29C5759500531F16 /* LaunchScreen.storyboard */; };
		9A7C261A29C5759600531F16 /* Hangman_ProjectTests.swift in Sources */ = {isa = PBXBuildFile; fileRef = 9A7C261929C5759600531F16 /* Hangman_ProjectTests.swift */; };
		9A7C262429C5759600531F16 /* Hangman_ProjectUITests.swift in Sources */ = {isa = PBXBuildFile; fileRef = 9A7C262329C5759600531F16 /* Hangman_ProjectUITests.swift */; };
		9A7C262629C5759600531F16 /* Hangman_ProjectUITestsLaunchTests.swift in Sources */ = {isa = PBXBuildFile; fileRef = 9A7C262529C5759600531F16 /* Hangman_ProjectUITestsLaunchTests.swift */; };
/* End PBXBuildFile section */

/* Begin PBXContainerItemProxy section */
		9A7C261629C5759600531F16 /* PBXContainerItemProxy */ = {
			isa = PBXContainerItemProxy;
			containerPortal = 9A7C25F729C5759400531F16 /* Project object */;
			proxyType = 1;
			remoteGlobalIDString = 9A7C25FE29C5759400531F16;
			remoteInfo = "Hangman Project";
		};
		9A7C262029C5759600531F16 /* PBXContainerItemProxy */ = {
			isa = PBXContainerItemProxy;
			containerPortal = 9A7C25F729C5759400531F16 /* Project object */;
			proxyType = 1;
			remoteGlobalIDString = 9A7C25FE29C5759400531F16;
			remoteInfo = "Hangman Project";
		};
/* End PBXContainerItemProxy section */

/* Begin PBXFileReference section */
		9A7C25FF29C5759400531F16 /* Hangman Project.app */ = {isa = PBXFileReference; explicitFileType = wrapper.application; includeInIndex = 0; path = "Hangman Project.app"; sourceTree = BUILT_PRODUCTS_DIR; };
		9A7C260229C5759400531F16 /* AppDelegate.swift */ = {isa = PBXFileReference; lastKnownFileType = sourcecode.swift; path = AppDelegate.swift; sourceTree = "<group>"; };
		9A7C260429C5759400531F16 /* SceneDelegate.swift */ = {isa = PBXFileReference; lastKnownFileType = sourcecode.swift; path = SceneDelegate.swift; sourceTree = "<group>"; };
		9A7C260629C5759500531F16 /* ViewController.swift */ = {isa = PBXFileReference; lastKnownFileType = sourcecode.swift; path = ViewController.swift; sourceTree = "<group>"; };
		9A7C260929C5759500531F16 /* Base */ = {isa = PBXFileReference; lastKnownFileType = file.storyboard; name = Base; path = Base.lproj/Main.storyboard; sourceTree = "<group>"; };
		9A7C260B29C5759500531F16 /* Assets.xcassets */ = {isa = PBXFileReference; lastKnownFileType = folder.assetcatalog; path = Assets.xcassets; sourceTree = "<group>"; };
		9A7C260E29C5759500531F16 /* Base */ = {isa = PBXFileReference; lastKnownFileType = file.storyboard; name = Base; path = Base.lproj/LaunchScreen.storyboard; sourceTree = "<group>"; };
		9A7C261029C5759500531F16 /* Info.plist */ = {isa = PBXFileReference; lastKnownFileType = text.plist.xml; path = Info.plist; sourceTree = "<group>"; };
		9A7C261529C5759600531F16 /* Hangman ProjectTests.xctest */ = {isa = PBXFileReference; explicitFileType = wrapper.cfbundle; includeInIndex = 0; path = "Hangman ProjectTests.xctest"; sourceTree = BUILT_PRODUCTS_DIR; };
		9A7C261929C5759600531F16 /* Hangman_ProjectTests.swift */ = {isa = PBXFileReference; lastKnownFileType = sourcecode.swift; path = Hangman_ProjectTests.swift; sourceTree = "<group>"; };
		9A7C261F29C5759600531F16 /* Hangman ProjectUITests.xctest */ = {isa = PBXFileReference; explicitFileType = wrapper.cfbundle; includeInIndex = 0; path = "Hangman ProjectUITests.xctest"; sourceTree = BUILT_PRODUCTS_DIR; };
		9A7C262329C5759600531F16 /* Hangman_ProjectUITests.swift */ = {isa = PBXFileReference; lastKnownFileType = sourcecode.swift; path = Hangman_ProjectUITests.swift; sourceTree = "<group>"; };
		9A7C262529C5759600531F16 /* Hangman_ProjectUITestsLaunchTests.swift */ = {isa = PBXFileReference; lastKnownFileType = sourcecode.swift; path = Hangman_ProjectUITestsLaunchTests.swift; sourceTree = "<group>"; };
/* End PBXFileReference section */

/* Begin PBXFrameworksBuildPhase section */
		9A7C25FC29C5759400531F16 /* Frameworks */ = {
			isa = PBXFrameworksBuildPhase;
			buildActionMask = 2147483647;
			files = (
			);
			runOnlyForDeploymentPostprocessing = 0;
		};
		9A7C261229C5759600531F16 /* Frameworks */ = {
			isa = PBXFrameworksBuildPhase;
			buildActionMask = 2147483647;
			files = (
			);
			runOnlyForDeploymentPostprocessing = 0;
		};
		9A7C261C29C5759600531F16 /* Frameworks */ = {
			isa = PBXFrameworksBuildPhase;
			buildActionMask = 2147483647;
			files = (
			);
			runOnlyForDeploymentPostprocessing = 0;
		};
/* End PBXFrameworksBuildPhase section */

/* Begin PBXGroup section */
		9A7C25F629C5759400531F16 = {
			isa = PBXGroup;
			children = (
				9A7C260129C5759400531F16 /* Hangman Project */,
				9A7C261829C5759600531F16 /* Hangman ProjectTests */,
				9A7C262229C5759600531F16 /* Hangman ProjectUITests */,
				9A7C260029C5759400531F16 /* Products */,
			);
			sourceTree = "<group>";
		};
		9A7C260029C5759400531F16 /* Products */ = {
			isa = PBXGroup;
			children = (
				9A7C25FF29C5759400531F16 /* Hangman Project.app */,
				9A7C261529C5759600531F16 /* Hangman ProjectTests.xctest */,
				9A7C261F29C5759600531F16 /* Hangman ProjectUITests.xctest */,
			);
			name = Products;
			sourceTree = "<group>";
		};
		9A7C260129C5759400531F16 /* Hangman Project */ = {
			isa = PBXGroup;
			children = (
				9A7C260229C5759400531F16 /* AppDelegate.swift */,
				9A7C260429C5759400531F16 /* SceneDelegate.swift */,
				9A7C260629C5759500531F16 /* ViewController.swift */,
				9A7C260829C5759500531F16 /* Main.storyboard */,
				9A7C260B29C5759500531F16 /* Assets.xcassets */,
				9A7C260D29C5759500531F16 /* LaunchScreen.storyboard */,
				9A7C261029C5759500531F16 /* Info.plist */,
			);
			path = "Hangman Project";
			sourceTree = "<group>";
		};
		9A7C261829C5759600531F16 /* Hangman ProjectTests */ = {
			isa = PBXGroup;
			children = (
				9A7C261929C5759600531F16 /* Hangman_ProjectTests.swift */,
			);
			path = "Hangman ProjectTests";
			sourceTree = "<group>";
		};
		9A7C262229C5759600531F16 /* Hangman ProjectUITests */ = {
			isa = PBXGroup;
			children = (
				9A7C262329C5759600531F16 /* Hangman_ProjectUITests.swift */,
				9A7C262529C5759600531F16 /* Hangman_ProjectUITestsLaunchTests.swift */,
			);
			path = "Hangman ProjectUITests";
			sourceTree = "<group>";
		};
/* End PBXGroup section */

/* Begin PBXNativeTarget section */
		9A7C25FE29C5759400531F16 /* Hangman Project */ = {
			isa = PBXNativeTarget;
			buildConfigurationList = 9A7C262929C5759600531F16 /* Build configuration list for PBXNativeTarget "Hangman Project" */;
			buildPhases = (
				9A7C25FB29C5759400531F16 /* Sources */,
				9A7C25FC29C5759400531F16 /* Frameworks */,
				9A7C25FD29C5759400531F16 /* Resources */,
			);
			buildRules = (
			);
			dependencies = (
			);
			name = "Hangman Project";
			productName = "Hangman Project";
			productReference = 9A7C25FF29C5759400531F16 /* Hangman Project.app */;
			productType = "com.apple.product-type.application";
		};
		9A7C261429C5759600531F16 /* Hangman ProjectTests */ = {
			isa = PBXNativeTarget;
			buildConfigurationList = 9A7C262C29C5759600531F16 /* Build configuration list for PBXNativeTarget "Hangman ProjectTests" */;
			buildPhases = (
				9A7C261129C5759600531F16 /* Sources */,
				9A7C261229C5759600531F16 /* Frameworks */,
				9A7C261329C5759600531F16 /* Resources */,
			);
			buildRules = (
			);
			dependencies = (
				9A7C261729C5759600531F16 /* PBXTargetDependency */,
			);
			name = "Hangman ProjectTests";
			productName = "Hangman ProjectTests";
			productReference = 9A7C261529C5759600531F16 /* Hangman ProjectTests.xctest */;
			productType = "com.apple.product-type.bundle.unit-test";
		};
		9A7C261E29C5759600531F16 /* Hangman ProjectUITests */ = {
			isa = PBXNativeTarget;
			buildConfigurationList = 9A7C262F29C5759600531F16 /* Build configuration list for PBXNativeTarget "Hangman ProjectUITests" */;
			buildPhases = (
				9A7C261B29C5759600531F16 /* Sources */,
				9A7C261C29C5759600531F16 /* Frameworks */,
				9A7C261D29C5759600531F16 /* Resources */,
			);
			buildRules = (
			);
			dependencies = (
				9A7C262129C5759600531F16 /* PBXTargetDependency */,
			);
			name = "Hangman ProjectUITests";
			productName = "Hangman ProjectUITests";
			productReference = 9A7C261F29C5759600531F16 /* Hangman ProjectUITests.xctest */;
			productType = "com.apple.product-type.bundle.ui-testing";
		};
/* End PBXNativeTarget section */

/* Begin PBXProject section */
		9A7C25F729C5759400531F16 /* Project object */ = {
			isa = PBXProject;
			attributes = {
				BuildIndependentTargetsInParallel = 1;
				LastSwiftUpdateCheck = 1420;
				LastUpgradeCheck = 1420;
				TargetAttributes = {
					9A7C25FE29C5759400531F16 = {
						CreatedOnToolsVersion = 14.2;
					};
					9A7C261429C5759600531F16 = {
						CreatedOnToolsVersion = 14.2;
						TestTargetID = 9A7C25FE29C5759400531F16;
					};
					9A7C261E29C5759600531F16 = {
						CreatedOnToolsVersion = 14.2;
						TestTargetID = 9A7C25FE29C5759400531F16;
					};
				};
			};
			buildConfigurationList = 9A7C25FA29C5759400531F16 /* Build configuration list for PBXProject "Hangman Project" */;
			compatibilityVersion = "Xcode 14.0";
			developmentRegion = en;
			hasScannedForEncodings = 0;
			knownRegions = (
				en,
				Base,
			);
			mainGroup = 9A7C25F629C5759400531F16;
			productRefGroup = 9A7C260029C5759400531F16 /* Products */;
			projectDirPath = "";
			projectRoot = "";
			targets = (
				9A7C25FE29C5759400531F16 /* Hangman Project */,
				9A7C261429C5759600531F16 /* Hangman ProjectTests */,
				9A7C261E29C5759600531F16 /* Hangman ProjectUITests */,
			);
		};
/* End PBXProject section */

/* Begin PBXResourcesBuildPhase section */
		9A7C25FD29C5759400531F16 /* Resources */ = {
			isa = PBXResourcesBuildPhase;
			buildActionMask = 2147483647;
			files = (
				9A7C260F29C5759500531F16 /* LaunchScreen.storyboard in Resources */,
				9A7C260C29C5759500531F16 /* Assets.xcassets in Resources */,
				9A7C260A29C5759500531F16 /* Main.storyboard in Resources */,
			);
			runOnlyForDeploymentPostprocessing = 0;
		};
		9A7C261329C5759600531F16 /* Resources */ = {
			isa = PBXResourcesBuildPhase;
			buildActionMask = 2147483647;
			files = (
			);
			runOnlyForDeploymentPostprocessing = 0;
		};
		9A7C261D29C5759600531F16 /* Resources */ = {
			isa = PBXResourcesBuildPhase;
			buildActionMask = 2147483647;
			files = (
			);
			runOnlyForDeploymentPostprocessing = 0;
		};
/* End PBXResourcesBuildPhase section */

/* Begin PBXSourcesBuildPhase section */
		9A7C25FB29C5759400531F16 /* Sources */ = {
			isa = PBXSourcesBuildPhase;
			buildActionMask = 2147483647;
			files = (
				9A7C260729C5759500531F16 /* ViewController.swift in Sources */,
				9A7C260329C5759400531F16 /* AppDelegate.swift in Sources */,
				9A7C260529C5759400531F16 /* SceneDelegate.swift in Sources */,
			);
			runOnlyForDeploymentPostprocessing = 0;
		};
		9A7C261129C5759600531F16 /* Sources */ = {
			isa = PBXSourcesBuildPhase;
			buildActionMask = 2147483647;
			files = (
				9A7C261A29C5759600531F16 /* Hangman_ProjectTests.swift in Sources */,
			);
			runOnlyForDeploymentPostprocessing = 0;
		};
		9A7C261B29C5759600531F16 /* Sources */ = {
			isa = PBXSourcesBuildPhase;
			buildActionMask = 2147483647;
			files = (
				9A7C262429C5759600531F16 /* Hangman_ProjectUITests.swift in Sources */,
				9A7C262629C5759600531F16 /* Hangman_ProjectUITestsLaunchTests.swift in Sources */,
			);
			runOnlyForDeploymentPostprocessing = 0;
		};
/* End PBXSourcesBuildPhase section */

/* Begin PBXTargetDependency section */
		9A7C261729C5759600531F16 /* PBXTargetDependency */ = {
			isa = PBXTargetDependency;
			target = 9A7C25FE29C5759400531F16 /* Hangman Project */;
			targetProxy = 9A7C261629C5759600531F16 /* PBXContainerItemProxy */;
		};
		9A7C262129C5759600531F16 /* PBXTargetDependency */ = {
			isa = PBXTargetDependency;
			target = 9A7C25FE29C5759400531F16 /* Hangman Project */;
			targetProxy = 9A7C262029C5759600531F16 /* PBXContainerItemProxy */;
		};
/* End PBXTargetDependency section */

/* Begin PBXVariantGroup section */
		9A7C260829C5759500531F16 /* Main.storyboard */ = {
			isa = PBXVariantGroup;
			children = (
				9A7C260929C5759500531F16 /* Base */,
			);
			name = Main.storyboard;
			sourceTree = "<group>";
		};
		9A7C260D29C5759500531F16 /* LaunchScreen.storyboard */ = {
			isa = PBXVariantGroup;
			children = (
				9A7C260E29C5759500531F16 /* Base */,
			);
			name = LaunchScreen.storyboard;
			sourceTree = "<group>";
		};
/* End PBXVariantGroup section */

/* Begin XCBuildConfiguration section */
		9A7C262729C5759600531F16 /* Debug */ = {
			isa = XCBuildConfiguration;
			buildSettings = {
				ALWAYS_SEARCH_USER_PATHS = NO;
				CLANG_ANALYZER_NONNULL = YES;
				CLANG_ANALYZER_NUMBER_OBJECT_CONVERSION = YES_AGGRESSIVE;
				CLANG_CXX_LANGUAGE_STANDARD = "gnu++20";
				CLANG_ENABLE_MODULES = YES;
				CLANG_ENABLE_OBJC_ARC = YES;
				CLANG_ENABLE_OBJC_WEAK = YES;
				CLANG_WARN_BLOCK_CAPTURE_AUTORELEASING = YES;
				CLANG_WARN_BOOL_CONVERSION = YES;
				CLANG_WARN_COMMA = YES;
				CLANG_WARN_CONSTANT_CONVERSION = YES;
				CLANG_WARN_DEPRECATED_OBJC_IMPLEMENTATIONS = YES;
				CLANG_WARN_DIRECT_OBJC_ISA_USAGE = YES_ERROR;
				CLANG_WARN_DOCUMENTATION_COMMENTS = YES;
				CLANG_WARN_EMPTY_BODY = YES;
				CLANG_WARN_ENUM_CONVERSION = YES;
				CLANG_WARN_INFINITE_RECURSION = YES;
				CLANG_WARN_INT_CONVERSION = YES;
				CLANG_WARN_NON_LITERAL_NULL_CONVERSION = YES;
				CLANG_WARN_OBJC_IMPLICIT_RETAIN_SELF = YES;
				CLANG_WARN_OBJC_LITERAL_CONVERSION = YES;
				CLANG_WARN_OBJC_ROOT_CLASS = YES_ERROR;
				CLANG_WARN_QUOTED_INCLUDE_IN_FRAMEWORK_HEADER = YES;
				CLANG_WARN_RANGE_LOOP_ANALYSIS = YES;
				CLANG_WARN_STRICT_PROTOTYPES = YES;
				CLANG_WARN_SUSPICIOUS_MOVE = YES;
				CLANG_WARN_UNGUARDED_AVAILABILITY = YES_AGGRESSIVE;
				CLANG_WARN_UNREACHABLE_CODE = YES;
				CLANG_WARN__DUPLICATE_METHOD_MATCH = YES;
				COPY_PHASE_STRIP = NO;
				DEBUG_INFORMATION_FORMAT = dwarf;
				ENABLE_STRICT_OBJC_MSGSEND = YES;
				ENABLE_TESTABILITY = YES;
				GCC_C_LANGUAGE_STANDARD = gnu11;
				GCC_DYNAMIC_NO_PIC = NO;
				GCC_NO_COMMON_BLOCKS = YES;
				GCC_OPTIMIZATION_LEVEL = 0;
				GCC_PREPROCESSOR_DEFINITIONS = (
					"DEBUG=1",
					"$(inherited)",
				);
				GCC_WARN_64_TO_32_BIT_CONVERSION = YES;
				GCC_WARN_ABOUT_RETURN_TYPE = YES_ERROR;
				GCC_WARN_UNDECLARED_SELECTOR = YES;
				GCC_WARN_UNINITIALIZED_AUTOS = YES_AGGRESSIVE;
				GCC_WARN_UNUSED_FUNCTION = YES;
				GCC_WARN_UNUSED_VARIABLE = YES;
				IPHONEOS_DEPLOYMENT_TARGET = 16.2;
				MTL_ENABLE_DEBUG_INFO = INCLUDE_SOURCE;
				MTL_FAST_MATH = YES;
				ONLY_ACTIVE_ARCH = YES;
				SDKROOT = iphoneos;
				SWIFT_ACTIVE_COMPILATION_CONDITIONS = DEBUG;
				SWIFT_OPTIMIZATION_LEVEL = "-Onone";
			};
			name = Debug;
		};
		9A7C262829C5759600531F16 /* Release */ = {
			isa = XCBuildConfiguration;
			buildSettings = {
				ALWAYS_SEARCH_USER_PATHS = NO;
				CLANG_ANALYZER_NONNULL = YES;
				CLANG_ANALYZER_NUMBER_OBJECT_CONVERSION = YES_AGGRESSIVE;
				CLANG_CXX_LANGUAGE_STANDARD = "gnu++20";
				CLANG_ENABLE_MODULES = YES;
				CLANG_ENABLE_OBJC_ARC = YES;
				CLANG_ENABLE_OBJC_WEAK = YES;
				CLANG_WARN_BLOCK_CAPTURE_AUTORELEASING = YES;
				CLANG_WARN_BOOL_CONVERSION = YES;
				CLANG_WARN_COMMA = YES;
				CLANG_WARN_CONSTANT_CONVERSION = YES;
				CLANG_WARN_DEPRECATED_OBJC_IMPLEMENTATIONS = YES;
				CLANG_WARN_DIRECT_OBJC_ISA_USAGE = YES_ERROR;
				CLANG_WARN_DOCUMENTATION_COMMENTS = YES;
				CLANG_WARN_EMPTY_BODY = YES;
				CLANG_WARN_ENUM_CONVERSION = YES;
				CLANG_WARN_INFINITE_RECURSION = YES;
				CLANG_WARN_INT_CONVERSION = YES;
				CLANG_WARN_NON_LITERAL_NULL_CONVERSION = YES;
				CLANG_WARN_OBJC_IMPLICIT_RETAIN_SELF = YES;
				CLANG_WARN_OBJC_LITERAL_CONVERSION = YES;
				CLANG_WARN_OBJC_ROOT_CLASS = YES_ERROR;
				CLANG_WARN_QUOTED_INCLUDE_IN_FRAMEWORK_HEADER = YES;
				CLANG_WARN_RANGE_LOOP_ANALYSIS = YES;
				CLANG_WARN_STRICT_PROTOTYPES = YES;
				CLANG_WARN_SUSPICIOUS_MOVE = YES;
				CLANG_WARN_UNGUARDED_AVAILABILITY = YES_AGGRESSIVE;
				CLANG_WARN_UNREACHABLE_CODE = YES;
				CLANG_WARN__DUPLICATE_METHOD_MATCH = YES;
				COPY_PHASE_STRIP = NO;
				DEBUG_INFORMATION_FORMAT = "dwarf-with-dsym";
				ENABLE_NS_ASSERTIONS = NO;
				ENABLE_STRICT_OBJC_MSGSEND = YES;
				GCC_C_LANGUAGE_STANDARD = gnu11;
				GCC_NO_COMMON_BLOCKS = YES;
				GCC_WARN_64_TO_32_BIT_CONVERSION = YES;
				GCC_WARN_ABOUT_RETURN_TYPE = YES_ERROR;
				GCC_WARN_UNDECLARED_SELECTOR = YES;
				GCC_WARN_UNINITIALIZED_AUTOS = YES_AGGRESSIVE;
				GCC_WARN_UNUSED_FUNCTION = YES;
				GCC_WARN_UNUSED_VARIABLE = YES;
				IPHONEOS_DEPLOYMENT_TARGET = 16.2;
				MTL_ENABLE_DEBUG_INFO = NO;
				MTL_FAST_MATH = YES;
				SDKROOT = iphoneos;
				SWIFT_COMPILATION_MODE = wholemodule;
				SWIFT_OPTIMIZATION_LEVEL = "-O";
				VALIDATE_PRODUCT = YES;
			};
			name = Release;
		};
		9A7C262A29C5759600531F16 /* Debug */ = {
			isa = XCBuildConfiguration;
			buildSettings = {
				ASSETCATALOG_COMPILER_APPICON_NAME = AppIcon;
				ASSETCATALOG_COMPILER_GLOBAL_ACCENT_COLOR_NAME = AccentColor;
				CODE_SIGN_STYLE = Automatic;
				CURRENT_PROJECT_VERSION = 1;
				DEVELOPMENT_TEAM = 2YRDHTGU2Y;
				GENERATE_INFOPLIST_FILE = YES;
				INFOPLIST_FILE = "Hangman Project/Info.plist";
				INFOPLIST_KEY_UIApplicationSupportsIndirectInputEvents = YES;
				INFOPLIST_KEY_UILaunchStoryboardName = LaunchScreen;
				INFOPLIST_KEY_UIMainStoryboardFile = Main;
				INFOPLIST_KEY_UISupportedInterfaceOrientations_iPad = "UIInterfaceOrientationPortrait UIInterfaceOrientationPortraitUpsideDown UIInterfaceOrientationLandscapeLeft UIInterfaceOrientationLandscapeRight";
				INFOPLIST_KEY_UISupportedInterfaceOrientations_iPhone = "UIInterfaceOrientationPortrait UIInterfaceOrientationLandscapeLeft UIInterfaceOrientationLandscapeRight";
				LD_RUNPATH_SEARCH_PATHS = (
					"$(inherited)",
					"@executable_path/Frameworks",
				);
				MARKETING_VERSION = 1.0;
				PRODUCT_BUNDLE_IDENTIFIER = "com.vytalware.Hangman-Project";
				PRODUCT_NAME = "$(TARGET_NAME)";
				SWIFT_EMIT_LOC_STRINGS = YES;
				SWIFT_VERSION = 5.0;
				TARGETED_DEVICE_FAMILY = "1,2";
			};
			name = Debug;
		};
		9A7C262B29C5759600531F16 /* Release */ = {
			isa = XCBuildConfiguration;
			buildSettings = {
				ASSETCATALOG_COMPILER_APPICON_NAME = AppIcon;
				ASSETCATALOG_COMPILER_GLOBAL_ACCENT_COLOR_NAME = AccentColor;
				CODE_SIGN_STYLE = Automatic;
				CURRENT_PROJECT_VERSION = 1;
				DEVELOPMENT_TEAM = 2YRDHTGU2Y;
				GENERATE_INFOPLIST_FILE = YES;
				INFOPLIST_FILE = "Hangman Project/Info.plist";
				INFOPLIST_KEY_UIApplicationSupportsIndirectInputEvents = YES;
				INFOPLIST_KEY_UILaunchStoryboardName = LaunchScreen;
				INFOPLIST_KEY_UIMainStoryboardFile = Main;
				INFOPLIST_KEY_UISupportedInterfaceOrientations_iPad = "UIInterfaceOrientationPortrait UIInterfaceOrientationPortraitUpsideDown UIInterfaceOrientationLandscapeLeft UIInterfaceOrientationLandscapeRight";
				INFOPLIST_KEY_UISupportedInterfaceOrientations_iPhone = "UIInterfaceOrientationPortrait UIInterfaceOrientationLandscapeLeft UIInterfaceOrientationLandscapeRight";
				LD_RUNPATH_SEARCH_PATHS = (
					"$(inherited)",
					"@executable_path/Frameworks",
				);
				MARKETING_VERSION = 1.0;
				PRODUCT_BUNDLE_IDENTIFIER = "com.vytalware.Hangman-Project";
				PRODUCT_NAME = "$(TARGET_NAME)";
				SWIFT_EMIT_LOC_STRINGS = YES;
				SWIFT_VERSION = 5.0;
				TARGETED_DEVICE_FAMILY = "1,2";
			};
			name = Release;
		};
		9A7C262D29C5759600531F16 /* Debug */ = {
			isa = XCBuildConfiguration;
			buildSettings = {
				ALWAYS_EMBED_SWIFT_STANDARD_LIBRARIES = YES;
				BUNDLE_LOADER = "$(TEST_HOST)";
				CODE_SIGN_STYLE = Automatic;
				CURRENT_PROJECT_VERSION = 1;
				DEVELOPMENT_TEAM = 2YRDHTGU2Y;
				GENERATE_INFOPLIST_FILE = YES;
				IPHONEOS_DEPLOYMENT_TARGET = 16.2;
				MARKETING_VERSION = 1.0;
				PRODUCT_BUNDLE_IDENTIFIER = "com.vytalware.Hangman-ProjectTests";
				PRODUCT_NAME = "$(TARGET_NAME)";
				SWIFT_EMIT_LOC_STRINGS = NO;
				SWIFT_VERSION = 5.0;
				TARGETED_DEVICE_FAMILY = "1,2";
				TEST_HOST = "$(BUILT_PRODUCTS_DIR)/Hangman Project.app/$(BUNDLE_EXECUTABLE_FOLDER_PATH)/Hangman Project";
			};
			name = Debug;
		};
		9A7C262E29C5759600531F16 /* Release */ = {
			isa = XCBuildConfiguration;
			buildSettings = {
				ALWAYS_EMBED_SWIFT_STANDARD_LIBRARIES = YES;
				BUNDLE_LOADER = "$(TEST_HOST)";
				CODE_SIGN_STYLE = Automatic;
				CURRENT_PROJECT_VERSION = 1;
				DEVELOPMENT_TEAM = 2YRDHTGU2Y;
				GENERATE_INFOPLIST_FILE = YES;
				IPHONEOS_DEPLOYMENT_TARGET = 16.2;
				MARKETING_VERSION = 1.0;
				PRODUCT_BUNDLE_IDENTIFIER = "com.vytalware.Hangman-ProjectTests";
				PRODUCT_NAME = "$(TARGET_NAME)";
				SWIFT_EMIT_LOC_STRINGS = NO;
				SWIFT_VERSION = 5.0;
				TARGETED_DEVICE_FAMILY = "1,2";
				TEST_HOST = "$(BUILT_PRODUCTS_DIR)/Hangman Project.app/$(BUNDLE_EXECUTABLE_FOLDER_PATH)/Hangman Project";
			};
			name = Release;
		};
		9A7C263029C5759600531F16 /* Debug */ = {
			isa = XCBuildConfiguration;
			buildSettings = {
				ALWAYS_EMBED_SWIFT_STANDARD_LIBRARIES = YES;
				CODE_SIGN_STYLE = Automatic;
				CURRENT_PROJECT_VERSION = 1;
				DEVELOPMENT_TEAM = 2YRDHTGU2Y;
				GENERATE_INFOPLIST_FILE = YES;
				MARKETING_VERSION = 1.0;
				PRODUCT_BUNDLE_IDENTIFIER = "com.vytalware.Hangman-ProjectUITests";
				PRODUCT_NAME = "$(TARGET_NAME)";
				SWIFT_EMIT_LOC_STRINGS = NO;
				SWIFT_VERSION = 5.0;
				TARGETED_DEVICE_FAMILY = "1,2";
				TEST_TARGET_NAME = "Hangman Project";
			};
			name = Debug;
		};
		9A7C263129C5759600531F16 /* Release */ = {
			isa = XCBuildConfiguration;
			buildSettings = {
				ALWAYS_EMBED_SWIFT_STANDARD_LIBRARIES = YES;
				CODE_SIGN_STYLE = Automatic;
				CURRENT_PROJECT_VERSION = 1;
				DEVELOPMENT_TEAM = 2YRDHTGU2Y;
				GENERATE_INFOPLIST_FILE = YES;
				MARKETING_VERSION = 1.0;
				PRODUCT_BUNDLE_IDENTIFIER = "com.vytalware.Hangman-ProjectUITests";
				PRODUCT_NAME = "$(TARGET_NAME)";
				SWIFT_EMIT_LOC_STRINGS = NO;
				SWIFT_VERSION = 5.0;
				TARGETED_DEVICE_FAMILY = "1,2";
				TEST_TARGET_NAME = "Hangman Project";
			};
			name = Release;
		};
/* End XCBuildConfiguration section */

/* Begin XCConfigurationList section */
		9A7C25FA29C5759400531F16 /* Build configuration list for PBXProject "Hangman Project" */ = {
			isa = XCConfigurationList;
			buildConfigurations = (
				9A7C262729C5759600531F16 /* Debug */,
				9A7C262829C5759600531F16 /* Release */,
			);
			defaultConfigurationIsVisible = 0;
			defaultConfigurationName = Release;
		};
		9A7C262929C5759600531F16 /* Build configuration list for PBXNativeTarget "Hangman Project" */ = {
			isa = XCConfigurationList;
			buildConfigurations = (
				9A7C262A29C5759600531F16 /* Debug */,
				9A7C262B29C5759600531F16 /* Release */,
			);
			defaultConfigurationIsVisible = 0;
			defaultConfigurationName = Release;
		};
		9A7C262C29C5759600531F16 /* Build configuration list for PBXNativeTarget "Hangman ProjectTests" */ = {
			isa = XCConfigurationList;
			buildConfigurations = (
				9A7C262D29C5759600531F16 /* Debug */,
				9A7C262E29C5759600531F16 /* Release */,
			);
			defaultConfigurationIsVisible = 0;
			defaultConfigurationName = Release;
		};
		9A7C262F29C5759600531F16 /* Build configuration list for PBXNativeTarget "Hangman ProjectUITests" */ = {
			isa = XCConfigurationList;
			buildConfigurations = (
				9A7C263029C5759600531F16 /* Debug */,
				9A7C263129C5759600531F16 /* Release */,
			);
			defaultConfigurationIsVisible = 0;
			defaultConfigurationName = Release;
		};
/* End XCConfigurationList section */
	};
	rootObject = 9A7C25F729C5759400531F16 /* Project object */;
}
